// !$*UTF8*$!
{
	archiveVersion = 1;
	classes = {
	};
	objectVersion = 48;
	objects = {

/* Begin PBXBuildFile section */
		7DB96D961FA5022600D513BB /* AppDelegate.swift in Sources */ = {isa = PBXBuildFile; fileRef = 7DB96D951FA5022600D513BB /* AppDelegate.swift */; };
		7DB96D981FA5022600D513BB /* ViewController.swift in Sources */ = {isa = PBXBuildFile; fileRef = 7DB96D971FA5022600D513BB /* ViewController.swift */; };
		7DB96D9B1FA5022600D513BB /* Main.storyboard in Resources */ = {isa = PBXBuildFile; fileRef = 7DB96D991FA5022600D513BB /* Main.storyboard */; };
		7DB96D9D1FA5022600D513BB /* Assets.xcassets in Resources */ = {isa = PBXBuildFile; fileRef = 7DB96D9C1FA5022600D513BB /* Assets.xcassets */; };
		7DB96DA01FA5022600D513BB /* LaunchScreen.storyboard in Resources */ = {isa = PBXBuildFile; fileRef = 7DB96D9E1FA5022600D513BB /* LaunchScreen.storyboard */; };
		EA261DA0354A250E85CD6FB3 /* Pods_RxArchitecture.framework in Frameworks */ = {isa = PBXBuildFile; fileRef = 823725423EF731281D576D08 /* Pods_RxArchitecture.framework */; };
/* End PBXBuildFile section */

/* Begin PBXFileReference section */
		5A0DB2F6165F0E9591E29B2D /* Pods-RxArchitecture.release.xcconfig */ = {isa = PBXFileReference; includeInIndex = 1; lastKnownFileType = text.xcconfig; name = "Pods-RxArchitecture.release.xcconfig"; path = "Pods/Target Support Files/Pods-RxArchitecture/Pods-RxArchitecture.release.xcconfig"; sourceTree = "<group>"; };
		7DB96D921FA5022600D513BB /* RxArchitecture.app */ = {isa = PBXFileReference; explicitFileType = wrapper.application; includeInIndex = 0; path = RxArchitecture.app; sourceTree = BUILT_PRODUCTS_DIR; };
		7DB96D951FA5022600D513BB /* AppDelegate.swift */ = {isa = PBXFileReference; lastKnownFileType = sourcecode.swift; path = AppDelegate.swift; sourceTree = "<group>"; };
		7DB96D971FA5022600D513BB /* ViewController.swift */ = {isa = PBXFileReference; lastKnownFileType = sourcecode.swift; path = ViewController.swift; sourceTree = "<group>"; };
		7DB96D9A1FA5022600D513BB /* Base */ = {isa = PBXFileReference; lastKnownFileType = file.storyboard; name = Base; path = Base.lproj/Main.storyboard; sourceTree = "<group>"; };
		7DB96D9C1FA5022600D513BB /* Assets.xcassets */ = {isa = PBXFileReference; lastKnownFileType = folder.assetcatalog; path = Assets.xcassets; sourceTree = "<group>"; };
		7DB96D9F1FA5022600D513BB /* Base */ = {isa = PBXFileReference; lastKnownFileType = file.storyboard; name = Base; path = Base.lproj/LaunchScreen.storyboard; sourceTree = "<group>"; };
		7DB96DA11FA5022600D513BB /* Info.plist */ = {isa = PBXFileReference; lastKnownFileType = text.plist.xml; path = Info.plist; sourceTree = "<group>"; };
		823725423EF731281D576D08 /* Pods_RxArchitecture.framework */ = {isa = PBXFileReference; explicitFileType = wrapper.framework; includeInIndex = 0; path = Pods_RxArchitecture.framework; sourceTree = BUILT_PRODUCTS_DIR; };
		E718505ECABBB7BABB7A68D9 /* Pods-RxArchitecture.debug.xcconfig */ = {isa = PBXFileReference; includeInIndex = 1; lastKnownFileType = text.xcconfig; name = "Pods-RxArchitecture.debug.xcconfig"; path = "Pods/Target Support Files/Pods-RxArchitecture/Pods-RxArchitecture.debug.xcconfig"; sourceTree = "<group>"; };
/* End PBXFileReference section */

/* Begin PBXFrameworksBuildPhase section */
		7DB96D8F1FA5022600D513BB /* Frameworks */ = {
			isa = PBXFrameworksBuildPhase;
			buildActionMask = 2147483647;
			files = (
				EA261DA0354A250E85CD6FB3 /* Pods_RxArchitecture.framework in Frameworks */,
			);
			runOnlyForDeploymentPostprocessing = 0;
		};
/* End PBXFrameworksBuildPhase section */

/* Begin PBXGroup section */
		18A693D6E58FA36B57F60A19 /* Pods */ = {
			isa = PBXGroup;
			children = (
				E718505ECABBB7BABB7A68D9 /* Pods-RxArchitecture.debug.xcconfig */,
				5A0DB2F6165F0E9591E29B2D /* Pods-RxArchitecture.release.xcconfig */,
			);
			name = Pods;
			sourceTree = "<group>";
		};
		7DB96D891FA5022600D513BB = {
			isa = PBXGroup;
			children = (
				7DB96D941FA5022600D513BB /* RxArchitecture */,
				7DB96D931FA5022600D513BB /* Products */,
				18A693D6E58FA36B57F60A19 /* Pods */,
				E5D43B72B299E681081C13E6 /* Frameworks */,
			);
			sourceTree = "<group>";
		};
		7DB96D931FA5022600D513BB /* Products */ = {
			isa = PBXGroup;
			children = (
				7DB96D921FA5022600D513BB /* RxArchitecture.app */,
			);
			name = Products;
			sourceTree = "<group>";
		};
		7DB96D941FA5022600D513BB /* RxArchitecture */ = {
			isa = PBXGroup;
			children = (
				7DB96D951FA5022600D513BB /* AppDelegate.swift */,
				7DB96D971FA5022600D513BB /* ViewController.swift */,
				7DB96D991FA5022600D513BB /* Main.storyboard */,
				7DB96D9C1FA5022600D513BB /* Assets.xcassets */,
				7DB96D9E1FA5022600D513BB /* LaunchScreen.storyboard */,
				7DB96DA11FA5022600D513BB /* Info.plist */,
			);
			path = RxArchitecture;
			sourceTree = "<group>";
		};
		E5D43B72B299E681081C13E6 /* Frameworks */ = {
			isa = PBXGroup;
			children = (
				823725423EF731281D576D08 /* Pods_RxArchitecture.framework */,
			);
			name = Frameworks;
			sourceTree = "<group>";
		};
/* End PBXGroup section */

/* Begin PBXNativeTarget section */
		7DB96D911FA5022600D513BB /* RxArchitecture */ = {
			isa = PBXNativeTarget;
			buildConfigurationList = 7DB96DA41FA5022600D513BB /* Build configuration list for PBXNativeTarget "RxArchitecture" */;
			buildPhases = (
				FA767FDDF7DD4B86DAE8656C /* [CP] Check Pods Manifest.lock */,
				7DB96D8E1FA5022600D513BB /* Sources */,
				7DB96D8F1FA5022600D513BB /* Frameworks */,
				7DB96D901FA5022600D513BB /* Resources */,
				E996A25DF45698EE8B4B367D /* [CP] Embed Pods Frameworks */,
				87C51F3B4EDE8AA26E044A33 /* [CP] Copy Pods Resources */,
			);
			buildRules = (
			);
			dependencies = (
			);
			name = RxArchitecture;
			productName = RxArchitecture;
			productReference = 7DB96D921FA5022600D513BB /* RxArchitecture.app */;
			productType = "com.apple.product-type.application";
		};
/* End PBXNativeTarget section */

/* Begin PBXProject section */
		7DB96D8A1FA5022600D513BB /* Project object */ = {
			isa = PBXProject;
			attributes = {
				LastSwiftUpdateCheck = 0900;
				LastUpgradeCheck = 0900;
				ORGANIZATIONNAME = "Jim Campagno";
				TargetAttributes = {
					7DB96D911FA5022600D513BB = {
						CreatedOnToolsVersion = 9.0.1;
						ProvisioningStyle = Automatic;
					};
				};
			};
			buildConfigurationList = 7DB96D8D1FA5022600D513BB /* Build configuration list for PBXProject "RxArchitecture" */;
			compatibilityVersion = "Xcode 8.0";
			developmentRegion = en;
			hasScannedForEncodings = 0;
			knownRegions = (
				en,
				Base,
			);
			mainGroup = 7DB96D891FA5022600D513BB;
			productRefGroup = 7DB96D931FA5022600D513BB /* Products */;
			projectDirPath = "";
			projectRoot = "";
			targets = (
				7DB96D911FA5022600D513BB /* RxArchitecture */,
			);
		};
/* End PBXProject section */

/* Begin PBXResourcesBuildPhase section */
		7DB96D901FA5022600D513BB /* Resources */ = {
			isa = PBXResourcesBuildPhase;
			buildActionMask = 2147483647;
			files = (
				7DB96DA01FA5022600D513BB /* LaunchScreen.storyboard in Resources */,
				7DB96D9D1FA5022600D513BB /* Assets.xcassets in Resources */,
				7DB96D9B1FA5022600D513BB /* Main.storyboard in Resources */,
			);
			runOnlyForDeploymentPostprocessing = 0;
		};
/* End PBXResourcesBuildPhase section */

/* Begin PBXShellScriptBuildPhase section */
		87C51F3B4EDE8AA26E044A33 /* [CP] Copy Pods Resources */ = {
			isa = PBXShellScriptBuildPhase;
			buildActionMask = 2147483647;
			files = (
			);
			inputPaths = (
			);
			name = "[CP] Copy Pods Resources";
			outputPaths = (
			);
			runOnlyForDeploymentPostprocessing = 0;
			shellPath = /bin/sh;
			shellScript = "\"${SRCROOT}/Pods/Target Support Files/Pods-RxArchitecture/Pods-RxArchitecture-resources.sh\"\n";
			showEnvVarsInLog = 0;
		};
		E996A25DF45698EE8B4B367D /* [CP] Embed Pods Frameworks */ = {
			isa = PBXShellScriptBuildPhase;
			buildActionMask = 2147483647;
			files = (
			);
			inputPaths = (
				"${SRCROOT}/Pods/Target Support Files/Pods-RxArchitecture/Pods-RxArchitecture-frameworks.sh",
				"${BUILT_PRODUCTS_DIR}/Alamofire/Alamofire.framework",
				"${BUILT_PRODUCTS_DIR}/Differentiator/Differentiator.framework",
				"${BUILT_PRODUCTS_DIR}/Moya/Moya.framework",
				"${BUILT_PRODUCTS_DIR}/ObjectMapper/ObjectMapper.framework",
				"${BUILT_PRODUCTS_DIR}/Result/Result.framework",
				"${BUILT_PRODUCTS_DIR}/RxCocoa/RxCocoa.framework",
				"${BUILT_PRODUCTS_DIR}/RxDataSources/RxDataSources.framework",
				"${BUILT_PRODUCTS_DIR}/RxSwift/RxSwift.framework",
				"${BUILT_PRODUCTS_DIR}/RxSwiftExt/RxSwiftExt.framework",
			);
			name = "[CP] Embed Pods Frameworks";
			outputPaths = (
				"${TARGET_BUILD_DIR}/${FRAMEWORKS_FOLDER_PATH}/Alamofire.framework",
				"${TARGET_BUILD_DIR}/${FRAMEWORKS_FOLDER_PATH}/Differentiator.framework",
				"${TARGET_BUILD_DIR}/${FRAMEWORKS_FOLDER_PATH}/Moya.framework",
				"${TARGET_BUILD_DIR}/${FRAMEWORKS_FOLDER_PATH}/ObjectMapper.framework",
				"${TARGET_BUILD_DIR}/${FRAMEWORKS_FOLDER_PATH}/Result.framework",
				"${TARGET_BUILD_DIR}/${FRAMEWORKS_FOLDER_PATH}/RxCocoa.framework",
				"${TARGET_BUILD_DIR}/${FRAMEWORKS_FOLDER_PATH}/RxDataSources.framework",
				"${TARGET_BUILD_DIR}/${FRAMEWORKS_FOLDER_PATH}/RxSwift.framework",
				"${TARGET_BUILD_DIR}/${FRAMEWORKS_FOLDER_PATH}/RxSwiftExt.framework",
			);
			runOnlyForDeploymentPostprocessing = 0;
			shellPath = /bin/sh;
			shellScript = "\"${SRCROOT}/Pods/Target Support Files/Pods-RxArchitecture/Pods-RxArchitecture-frameworks.sh\"\n";
			showEnvVarsInLog = 0;
		};
		FA767FDDF7DD4B86DAE8656C /* [CP] Check Pods Manifest.lock */ = {
			isa = PBXShellScriptBuildPhase;
			buildActionMask = 2147483647;
			files = (
			);
			inputPaths = (
				"${PODS_PODFILE_DIR_PATH}/Podfile.lock",
				"${PODS_ROOT}/Manifest.lock",
			);
			name = "[CP] Check Pods Manifest.lock";
			outputPaths = (
				"$(DERIVED_FILE_DIR)/Pods-RxArchitecture-checkManifestLockResult.txt",
			);
			runOnlyForDeploymentPostprocessing = 0;
			shellPath = /bin/sh;
			shellScript = "diff \"${PODS_PODFILE_DIR_PATH}/Podfile.lock\" \"${PODS_ROOT}/Manifest.lock\" > /dev/null\nif [ $? != 0 ] ; then\n    # print error to STDERR\n    echo \"error: The sandbox is not in sync with the Podfile.lock. Run 'pod install' or update your CocoaPods installation.\" >&2\n    exit 1\nfi\n# This output is used by Xcode 'outputs' to avoid re-running this script phase.\necho \"SUCCESS\" > \"${SCRIPT_OUTPUT_FILE_0}\"\n";
			showEnvVarsInLog = 0;
		};
/* End PBXShellScriptBuildPhase section */

/* Begin PBXSourcesBuildPhase section */
		7DB96D8E1FA5022600D513BB /* Sources */ = {
			isa = PBXSourcesBuildPhase;
			buildActionMask = 2147483647;
			files = (
				7DB96D981FA5022600D513BB /* ViewController.swift in Sources */,
				7DB96D961FA5022600D513BB /* AppDelegate.swift in Sources */,
			);
			runOnlyForDeploymentPostprocessing = 0;
		};
/* End PBXSourcesBuildPhase section */

/* Begin PBXVariantGroup section */
		7DB96D991FA5022600D513BB /* Main.storyboard */ = {
			isa = PBXVariantGroup;
			children = (
				7DB96D9A1FA5022600D513BB /* Base */,
			);
			name = Main.storyboard;
			sourceTree = "<group>";
		};
		7DB96D9E1FA5022600D513BB /* LaunchScreen.storyboard */ = {
			isa = PBXVariantGroup;
			children = (
				7DB96D9F1FA5022600D513BB /* Base */,
			);
			name = LaunchScreen.storyboard;
			sourceTree = "<group>";
		};
/* End PBXVariantGroup section */

/* Begin XCBuildConfiguration section */
		7DB96DA21FA5022600D513BB /* Debug */ = {
			isa = XCBuildConfiguration;
			buildSettings = {
				ALWAYS_SEARCH_USER_PATHS = NO;
				CLANG_ANALYZER_NONNULL = YES;
				CLANG_ANALYZER_NUMBER_OBJECT_CONVERSION = YES_AGGRESSIVE;
				CLANG_CXX_LANGUAGE_STANDARD = "gnu++14";
				CLANG_CXX_LIBRARY = "libc++";
				CLANG_ENABLE_MODULES = YES;
				CLANG_ENABLE_OBJC_ARC = YES;
				CLANG_WARN_BLOCK_CAPTURE_AUTORELEASING = YES;
				CLANG_WARN_BOOL_CONVERSION = YES;
				CLANG_WARN_COMMA = YES;
				CLANG_WARN_CONSTANT_CONVERSION = YES;
				CLANG_WARN_DIRECT_OBJC_ISA_USAGE = YES_ERROR;
				CLANG_WARN_DOCUMENTATION_COMMENTS = YES;
				CLANG_WARN_EMPTY_BODY = YES;
				CLANG_WARN_ENUM_CONVERSION = YES;
				CLANG_WARN_INFINITE_RECURSION = YES;
				CLANG_WARN_INT_CONVERSION = YES;
				CLANG_WARN_NON_LITERAL_NULL_CONVERSION = YES;
				CLANG_WARN_OBJC_LITERAL_CONVERSION = YES;
				CLANG_WARN_OBJC_ROOT_CLASS = YES_ERROR;
				CLANG_WARN_RANGE_LOOP_ANALYSIS = YES;
				CLANG_WARN_STRICT_PROTOTYPES = YES;
				CLANG_WARN_SUSPICIOUS_MOVE = YES;
				CLANG_WARN_UNGUARDED_AVAILABILITY = YES_AGGRESSIVE;
				CLANG_WARN_UNREACHABLE_CODE = YES;
				CLANG_WARN__DUPLICATE_METHOD_MATCH = YES;
				CODE_SIGN_IDENTITY = "iPhone Developer";
				COPY_PHASE_STRIP = NO;
				DEBUG_INFORMATION_FORMAT = dwarf;
				ENABLE_STRICT_OBJC_MSGSEND = YES;
				ENABLE_TESTABILITY = YES;
				GCC_C_LANGUAGE_STANDARD = gnu11;
				GCC_DYNAMIC_NO_PIC = NO;
				GCC_NO_COMMON_BLOCKS = YES;
				GCC_OPTIMIZATION_LEVEL = 0;
				GCC_PREPROCESSOR_DEFINITIONS = (
					"DEBUG=1",
					"$(inherited)",
				);
				GCC_WARN_64_TO_32_BIT_CONVERSION = YES;
				GCC_WARN_ABOUT_RETURN_TYPE = YES_ERROR;
				GCC_WARN_UNDECLARED_SELECTOR = YES;
				GCC_WARN_UNINITIALIZED_AUTOS = YES_AGGRESSIVE;
				GCC_WARN_UNUSED_FUNCTION = YES;
				GCC_WARN_UNUSED_VARIABLE = YES;
				IPHONEOS_DEPLOYMENT_TARGET = 11.0;
				MTL_ENABLE_DEBUG_INFO = YES;
				ONLY_ACTIVE_ARCH = YES;
				SDKROOT = iphoneos;
				SWIFT_ACTIVE_COMPILATION_CONDITIONS = DEBUG;
				SWIFT_OPTIMIZATION_LEVEL = "-Onone";
			};
			name = Debug;
		};
		7DB96DA31FA5022600D513BB /* Release */ = {
			isa = XCBuildConfiguration;
			buildSettings = {
				ALWAYS_SEARCH_USER_PATHS = NO;
				CLANG_ANALYZER_NONNULL = YES;
				CLANG_ANALYZER_NUMBER_OBJECT_CONVERSION = YES_AGGRESSIVE;
				CLANG_CXX_LANGUAGE_STANDARD = "gnu++14";
				CLANG_CXX_LIBRARY = "libc++";
				CLANG_ENABLE_MODULES = YES;
				CLANG_ENABLE_OBJC_ARC = YES;
				CLANG_WARN_BLOCK_CAPTURE_AUTORELEASING = YES;
				CLANG_WARN_BOOL_CONVERSION = YES;
				CLANG_WARN_COMMA = YES;
				CLANG_WARN_CONSTANT_CONVERSION = YES;
				CLANG_WARN_DIRECT_OBJC_ISA_USAGE = YES_ERROR;
				CLANG_WARN_DOCUMENTATION_COMMENTS = YES;
				CLANG_WARN_EMPTY_BODY = YES;
				CLANG_WARN_ENUM_CONVERSION = YES;
				CLANG_WARN_INFINITE_RECURSION = YES;
				CLANG_WARN_INT_CONVERSION = YES;
				CLANG_WARN_NON_LITERAL_NULL_CONVERSION = YES;
				CLANG_WARN_OBJC_LITERAL_CONVERSION = YES;
				CLANG_WARN_OBJC_ROOT_CLASS = YES_ERROR;
				CLANG_WARN_RANGE_LOOP_ANALYSIS = YES;
				CLANG_WARN_STRICT_PROTOTYPES = YES;
				CLANG_WARN_SUSPICIOUS_MOVE = YES;
				CLANG_WARN_UNGUARDED_AVAILABILITY = YES_AGGRESSIVE;
				CLANG_WARN_UNREACHABLE_CODE = YES;
				CLANG_WARN__DUPLICATE_METHOD_MATCH = YES;
				CODE_SIGN_IDENTITY = "iPhone Developer";
				COPY_PHASE_STRIP = NO;
				DEBUG_INFORMATION_FORMAT = "dwarf-with-dsym";
				ENABLE_NS_ASSERTIONS = NO;
				ENABLE_STRICT_OBJC_MSGSEND = YES;
				GCC_C_LANGUAGE_STANDARD = gnu11;
				GCC_NO_COMMON_BLOCKS = YES;
				GCC_WARN_64_TO_32_BIT_CONVERSION = YES;
				GCC_WARN_ABOUT_RETURN_TYPE = YES_ERROR;
				GCC_WARN_UNDECLARED_SELECTOR = YES;
				GCC_WARN_UNINITIALIZED_AUTOS = YES_AGGRESSIVE;
				GCC_WARN_UNUSED_FUNCTION = YES;
				GCC_WARN_UNUSED_VARIABLE = YES;
				IPHONEOS_DEPLOYMENT_TARGET = 11.0;
				MTL_ENABLE_DEBUG_INFO = NO;
				SDKROOT = iphoneos;
				SWIFT_OPTIMIZATION_LEVEL = "-Owholemodule";
				VALIDATE_PRODUCT = YES;
			};
			name = Release;
		};
		7DB96DA51FA5022600D513BB /* Debug */ = {
			isa = XCBuildConfiguration;
			baseConfigurationReference = E718505ECABBB7BABB7A68D9 /* Pods-RxArchitecture.debug.xcconfig */;
			buildSettings = {
				ASSETCATALOG_COMPILER_APPICON_NAME = AppIcon;
				CODE_SIGN_STYLE = Automatic;
				DEVELOPMENT_TEAM = Z9GA5RZ6RJ;
				INFOPLIST_FILE = RxArchitecture/Info.plist;
				LD_RUNPATH_SEARCH_PATHS = "$(inherited) @executable_path/Frameworks";
				PRODUCT_BUNDLE_IDENTIFIER = com.Gamesmith.RxArchitecture;
				PRODUCT_NAME = "$(TARGET_NAME)";
				SWIFT_VERSION = 4.0;
				TARGETED_DEVICE_FAMILY = "1,2";
			};
			name = Debug;
		};
		7DB96DA61FA5022600D513BB /* Release */ = {
			isa = XCBuildConfiguration;
			baseConfigurationReference = 5A0DB2F6165F0E9591E29B2D /* Pods-RxArchitecture.release.xcconfig */;
			buildSettings = {
				ASSETCATALOG_COMPILER_APPICON_NAME = AppIcon;
				CODE_SIGN_STYLE = Automatic;
				DEVELOPMENT_TEAM = Z9GA5RZ6RJ;
				INFOPLIST_FILE = RxArchitecture/Info.plist;
				LD_RUNPATH_SEARCH_PATHS = "$(inherited) @executable_path/Frameworks";
				PRODUCT_BUNDLE_IDENTIFIER = com.Gamesmith.RxArchitecture;
				PRODUCT_NAME = "$(TARGET_NAME)";
				SWIFT_VERSION = 4.0;
				TARGETED_DEVICE_FAMILY = "1,2";
			};
			name = Release;
		};
/* End XCBuildConfiguration section */

/* Begin XCConfigurationList section */
		7DB96D8D1FA5022600D513BB /* Build configuration list for PBXProject "RxArchitecture" */ = {
			isa = XCConfigurationList;
			buildConfigurations = (
				7DB96DA21FA5022600D513BB /* Debug */,
				7DB96DA31FA5022600D513BB /* Release */,
			);
			defaultConfigurationIsVisible = 0;
			defaultConfigurationName = Release;
		};
		7DB96DA41FA5022600D513BB /* Build configuration list for PBXNativeTarget "RxArchitecture" */ = {
			isa = XCConfigurationList;
			buildConfigurations = (
				7DB96DA51FA5022600D513BB /* Debug */,
				7DB96DA61FA5022600D513BB /* Release */,
			);
			defaultConfigurationIsVisible = 0;
			defaultConfigurationName = Release;
		};
/* End XCConfigurationList section */
	};
	rootObject = 7DB96D8A1FA5022600D513BB /* Project object */;
}
